{
  "nodes": {
    "apple-fonts": {
      "inputs": {
        "flake-utils": "flake-utils",
        "nixpkgs": [
          "nixpkgs-nixos-unstable"
        ]
      },
      "locked": {
        "lastModified": 1721657932,
        "narHash": "sha256-5tYRvQWmhcTA5koLRjqbuGCLG4FeG7UIeIaGXSV4Rx0=",
        "owner": "nadiaholmquist",
        "repo": "apple-fonts.nix",
        "rev": "3e69e75119a98cc38cd2460eeb1f2c2df9453fa3",
        "type": "github"
      },
      "original": {
        "owner": "nadiaholmquist",
        "repo": "apple-fonts.nix",
        "type": "github"
      }
    },
    "darwin": {
      "inputs": {
        "nixpkgs": [
          "nixpkgs-unstable"
        ]
      },
      "locked": {
        "lastModified": 1726188813,
        "narHash": "sha256-Vop/VRi6uCiScg/Ic+YlwsdIrLabWUJc57dNczp0eBc=",
        "owner": "LnL7",
        "repo": "nix-darwin",
        "rev": "21fe31f26473c180390cfa81e3ea81aca0204c80",
        "type": "github"
      },
      "original": {
        "owner": "LnL7",
        "repo": "nix-darwin",
        "type": "github"
      }
    },
    "disko": {
      "inputs": {
        "nixpkgs": [
          "nixpkgs-nixos-unstable"
        ]
      },
      "locked": {
        "lastModified": 1726153585,
        "narHash": "sha256-ShZ3YeEutJk+QoY/VrpujzZgocmyXYqhOC8I8pudO9U=",
        "owner": "nix-community",
        "repo": "disko",
        "rev": "59fb64b36b0a1961f6d4c6d5b8db45cc35d040f2",
        "type": "github"
      },
      "original": {
        "owner": "nix-community",
        "repo": "disko",
        "type": "github"
      }
    },
    "flake-utils": {
      "inputs": {
        "systems": "systems"
      },
      "locked": {
        "lastModified": 1710146030,
        "narHash": "sha256-SZ5L6eA7HJ/nmkzGG7/ISclqe6oZdOZTNoesiInkXPQ=",
        "owner": "numtide",
        "repo": "flake-utils",
        "rev": "b1d9ab70662946ef0850d488da1c9019f3a9752a",
        "type": "github"
      },
      "original": {
        "owner": "numtide",
        "repo": "flake-utils",
        "type": "github"
      }
    },
    "flake-utils_2": {
      "locked": {
        "lastModified": 1659877975,
        "narHash": "sha256-zllb8aq3YO3h8B/U0/J1WBgAL8EX5yWf5pMj3G0NAmc=",
        "owner": "numtide",
        "repo": "flake-utils",
        "rev": "c0e246b9b83f637f4681389ecabcb2681b4f3af0",
        "type": "github"
      },
      "original": {
        "owner": "numtide",
        "repo": "flake-utils",
        "type": "github"
      }
    },
    "home-manager-nixos-unstable": {
      "inputs": {
        "nixpkgs": [
          "nixpkgs-nixos-unstable"
        ]
      },
      "locked": {
        "lastModified": 1726142087,
        "narHash": "sha256-uT4TRd3PgreUD5sJaNioVfMemdyWFLoPHqN4AFszGmw=",
        "owner": "nix-community",
        "repo": "home-manager",
        "rev": "da8406a6ff556b86dc368e96ca8bd81b2704a91a",
        "type": "github"
      },
      "original": {
        "owner": "nix-community",
        "repo": "home-manager",
        "type": "github"
      }
    },
    "home-manager-unstable": {
      "inputs": {
        "nixpkgs": [
          "nixpkgs-unstable"
        ]
      },
      "locked": {
        "lastModified": 1726142087,
        "narHash": "sha256-uT4TRd3PgreUD5sJaNioVfMemdyWFLoPHqN4AFszGmw=",
        "owner": "nix-community",
        "repo": "home-manager",
        "rev": "da8406a6ff556b86dc368e96ca8bd81b2704a91a",
        "type": "github"
      },
      "original": {
        "owner": "nix-community",
        "repo": "home-manager",
        "type": "github"
      }
    },
    "nixGL": {
      "inputs": {
        "flake-utils": "flake-utils_2",
        "nixpkgs": [
          "nixpkgs-unstable"
        ]
      },
      "locked": {
        "lastModified": 1713543440,
        "narHash": "sha256-lnzZQYG0+EXl/6NkGpyIz+FEOc/DSEG57AP1VsdeNrM=",
        "owner": "nix-community",
        "repo": "nixGL",
        "rev": "310f8e49a149e4c9ea52f1adf70cdc768ec53f8a",
        "type": "github"
      },
      "original": {
        "owner": "nix-community",
        "repo": "nixGL",
        "type": "github"
      }
    },
    "nixos-hardware": {
      "locked": {
        "lastModified": 1725885300,
        "narHash": "sha256-5RLEnou1/GJQl+Wd+Bxaj7QY7FFQ9wjnFq1VNEaxTmc=",
        "owner": "NixOS",
        "repo": "nixos-hardware",
        "rev": "166dee4f88a7e3ba1b7a243edb1aca822f00680e",
        "type": "github"
      },
      "original": {
        "owner": "NixOS",
        "repo": "nixos-hardware",
        "type": "github"
      }
    },
    "nixpkgs-nixos-unstable": {
      "locked": {
        "lastModified": 1725983898,
        "narHash": "sha256-4b3A9zPpxAxLnkF9MawJNHDtOOl6ruL0r6Og1TEDGCE=",
        "owner": "NixOS",
        "repo": "nixpkgs",
        "rev": "1355a0cbfeac61d785b7183c0caaec1f97361b43",
        "type": "github"
      },
      "original": {
        "owner": "NixOS",
        "ref": "nixos-unstable",
        "repo": "nixpkgs",
        "type": "github"
      }
    },
    "nixpkgs-unstable": {
      "locked": {
        "lastModified": 1726108120,
        "narHash": "sha256-Ji5wO1lLG99grI0qCRb6FyRPpH9tfdfD1QP/r7IlgfM=",
        "owner": "NixOS",
        "repo": "nixpkgs",
        "rev": "111ed8812c10d7dc3017de46cbf509600c93f551",
        "type": "github"
      },
      "original": {
        "owner": "NixOS",
        "ref": "nixpkgs-unstable",
        "repo": "nixpkgs",
        "type": "github"
      }
    },
    "root": {
      "inputs": {
        "apple-fonts": "apple-fonts",
        "darwin": "darwin",
        "disko": "disko",
        "home-manager-nixos-unstable": "home-manager-nixos-unstable",
        "home-manager-unstable": "home-manager-unstable",
        "nixGL": "nixGL",
        "nixos-hardware": "nixos-hardware",
        "nixpkgs-nixos-unstable": "nixpkgs-nixos-unstable",
        "nixpkgs-unstable": "nixpkgs-unstable"
      }
    },
    "systems": {
      "locked": {
        "lastModified": 1681028828,
        "narHash": "sha256-Vy1rq5AaRuLzOxct8nz4T6wlgyUR7zLU309k9mBC768=",
        "owner": "nix-systems",
        "repo": "default",
        "rev": "da67096a3b9bf56a91d16901293e51ba5b49a27e",
        "type": "github"
      },
      "original": {
        "owner": "nix-systems",
        "repo": "default",
        "type": "github"
      }
    }
  },
  "root": "root",
  "version": 7
}
